<?xml version="1.0" encoding="utf-8"?>
<Project ToolsVersion="4.0" xmlns="http://schemas.microsoft.com/developer/msbuild/2003">
  <ItemGroup>
    <Filter Include="Source Files">
      <UniqueIdentifier>{4FC737F1-C7A5-4376-A066-2A32D752A2FF}</UniqueIdentifier>
      <Extensions>cpp;c;cc;cxx;def;odl;idl;hpj;bat;asm;asmx</Extensions>
    </Filter>
    <Filter Include="Header Files">
      <UniqueIdentifier>{93995380-89BD-4b04-88EB-625FBE52EBFB}</UniqueIdentifier>
      <Extensions>h;hpp;hxx;hm;inl;inc;xsd</Extensions>
    </Filter>
    <Filter Include="Resource Files">
      <UniqueIdentifier>{67DA6AB6-F800-4c08-8B7A-83BB121AAD01}</UniqueIdentifier>
      <Extensions>rc;ico;cur;bmp;dlg;rc2;rct;bin;rgs;gif;jpg;jpeg;jpe;resx;tiff;tif;png;wav</Extensions>
    </Filter>
  </ItemGroup>
  <ItemGroup>
    <ClCompile Include="BitmapImage.cpp">
      <Filter>Source Files</Filter>
    </ClCompile>
    <ClCompile Include="DiffieHellman.cpp">
      <Filter>Source Files</Filter>
    </ClCompile>
    <ClCompile Include="Drawing.cpp">
      <Filter>Source Files</Filter>
    </ClCompile>
    <ClCompile Include="DrawingBox.cpp">
      <Filter>Source Files</Filter>
    </ClCompile>
    <ClCompile Include="Element.cpp">
      <Filter>Source Files</Filter>
    </ClCompile>
    <ClCompile Include="Expression.cpp">
      <Filter>Source Files</Filter>
    </ClCompile>
    <ClCompile Include="FunctionPlotter.cpp">
      <Filter>Source Files</Filter>
    </ClCompile>
    <ClCompile Include="MainFrm.cpp">
      <Filter>Source Files</Filter>
    </ClCompile>
    <ClCompile Include="Mathomir.cpp">
      <Filter>Source Files</Filter>
    </ClCompile>
    <ClCompile Include="MathomirDoc.cpp">
      <Filter>Source Files</Filter>
    </ClCompile>
    <ClCompile Include="MathomirView.cpp">
      <Filter>Source Files</Filter>
    </ClCompile>
    <ClCompile Include="PasswordDlg.cpp">
      <Filter>Source Files</Filter>
    </ClCompile>
    <ClCompile Include="PopupMenu.cpp">
      <Filter>Source Files</Filter>
    </ClCompile>
    <ClCompile Include="stdafx.cpp">
      <Filter>Source Files</Filter>
    </ClCompile>
    <ClCompile Include="Toolbox.cpp">
      <Filter>Source Files</Filter>
    </ClCompile>
  </ItemGroup>
  <ItemGroup>
    <ClInclude Include="DiffieHellman.h">
      <Filter>Header Files</Filter>
    </ClInclude>
    <ClInclude Include="Drawing.h">
      <Filter>Header Files</Filter>
    </ClInclude>
    <ClInclude Include="Element.h">
      <Filter>Header Files</Filter>
    </ClInclude>
    <ClInclude Include="Expression.h">
      <Filter>Header Files</Filter>
    </ClInclude>
    <ClInclude Include="MainFrm.h">
      <Filter>Header Files</Filter>
    </ClInclude>
    <ClInclude Include="Mathomir.h">
      <Filter>Header Files</Filter>
    </ClInclude>
    <ClInclude Include="MathomirDoc.h">
      <Filter>Header Files</Filter>
    </ClInclude>
    <ClInclude Include="MathomirView.h">
      <Filter>Header Files</Filter>
    </ClInclude>
    <ClInclude Include="PasswordDlg.h">
      <Filter>Header Files</Filter>
    </ClInclude>
    <ClInclude Include="PopupMenu.h">
      <Filter>Header Files</Filter>
    </ClInclude>
    <ClInclude Include="Resource.h">
      <Filter>Header Files</Filter>
    </ClInclude>
    <ClInclude Include="stdafx.h">
      <Filter>Header Files</Filter>
    </ClInclude>
    <ClInclude Include="Toolbox.h">
      <Filter>Header Files</Filter>
    </ClInclude>
  </ItemGroup>
  <ItemGroup>
    <Image Include="res\Mathomir.ico">
      <Filter>Resource Files</Filter>
    </Image>
    <Image Include="res\MathomirDoc.ico">
      <Filter>Resource Files</Filter>
    </Image>
  </ItemGroup>
  <ItemGroup>
    <ResourceCompile Include="Mathomir.rc">
      <Filter>Resource Files</Filter>
    </ResourceCompile>
  </ItemGroup>
  <ItemGroup>
    <None Include="res\Mathomir.rc2">
      <Filter>Resource Files</Filter>
    </None>
    <None Include="Example.mom" />
    <None Include="FirstRun_.mom" />
    <None Include="Language_d.csv" />
    <None Include="Mathomir.iss" />
    <None Include="Mathomir_d.iss" />
  </ItemGroup>
  <ItemGroup>
    <Text Include="MIT_License.txt" />
    <Text Include="ReadMe.txt" />
  </ItemGroup>
</Project>